
Microsoft Visual Studio Solution File, Format Version 12.00
# Visual Studio Version 16
VisualStudioVersion = 16.0.30907.101
MinimumVisualStudioVersion = 10.0.40219.1
Project("{9A19103F-16F7-4668-BE54-9A1E7A4F7556}") = "DataAccess", "DataAccess\DataAccess.csproj", "{A27F1539-6E0D-41A5-B445-C3F6F40F5485}"
EndProject
Project("{9A19103F-16F7-4668-BE54-9A1E7A4F7556}") = "Business", "Business\Business.csproj", "{92612C00-F96F-452D-9C7A-4B6B8E6238D2}"
EndProject
Project("{9A19103F-16F7-4668-BE54-9A1E7A4F7556}") = "Entities", "Entities\Entities.csproj", "{44B0A2C9-31A9-4B7D-A169-63EA79E85592}"
EndProject
Project("{9A19103F-16F7-4668-BE54-9A1E7A4F7556}") = "ConsoleUI", "Console\ConsoleUI.csproj", "{C9F77612-AAD8-4547-BBE9-3BD7F22BE62A}"
EndProject
Project("{FAE04EC0-301F-11D3-BF4B-00C04F79EFBC}") = "Core", "Core\Core.csproj", "{FD5A4DEE-6C3C-4BA1-8A8A-637332EB896C}"
EndProject
Global
	GlobalSection(SolutionConfigurationPlatforms) = preSolution
		Debug|Any CPU = Debug|Any CPU
		Release|Any CPU = Release|Any CPU
	EndGlobalSection
	GlobalSection(ProjectConfigurationPlatforms) = postSolution
		{A27F1539-6E0D-41A5-B445-C3F6F40F5485}.Debug|Any CPU.ActiveCfg = Debug|Any CPU
		{A27F1539-6E0D-41A5-B445-C3F6F40F5485}.Debug|Any CPU.Build.0 = Debug|Any CPU
		{A27F1539-6E0D-41A5-B445-C3F6F40F5485}.Release|Any CPU.ActiveCfg = Release|Any CPU
		{A27F1539-6E0D-41A5-B445-C3F6F40F5485}.Release|Any CPU.Build.0 = Release|Any CPU
		{92612C00-F96F-452D-9C7A-4B6B8E6238D2}.Debug|Any CPU.ActiveCfg = Debug|Any CPU
		{92612C00-F96F-452D-9C7A-4B6B8E6238D2}.Debug|Any CPU.Build.0 = Debug|Any CPU
		{92612C00-F96F-452D-9C7A-4B6B8E6238D2}.Release|Any CPU.ActiveCfg = Release|Any CPU
		{92612C00-F96F-452D-9C7A-4B6B8E6238D2}.Release|Any CPU.Build.0 = Release|Any CPU
		{44B0A2C9-31A9-4B7D-A169-63EA79E85592}.Debug|Any CPU.ActiveCfg = Debug|Any CPU
		{44B0A2C9-31A9-4B7D-A169-63EA79E85592}.Debug|Any CPU.Build.0 = Debug|Any CPU
		{44B0A2C9-31A9-4B7D-A169-63EA79E85592}.Release|Any CPU.ActiveCfg = Release|Any CPU
		{44B0A2C9-31A9-4B7D-A169-63EA79E85592}.Release|Any CPU.Build.0 = Release|Any CPU
		{C9F77612-AAD8-4547-BBE9-3BD7F22BE62A}.Debug|Any CPU.ActiveCfg = Debug|Any CPU
		{C9F77612-AAD8-4547-BBE9-3BD7F22BE62A}.Debug|Any CPU.Build.0 = Debug|Any CPU
		{C9F77612-AAD8-4547-BBE9-3BD7F22BE62A}.Release|Any CPU.ActiveCfg = Release|Any CPU
		{C9F77612-AAD8-4547-BBE9-3BD7F22BE62A}.Release|Any CPU.Build.0 = Release|Any CPU
		{FD5A4DEE-6C3C-4BA1-8A8A-637332EB896C}.Debug|Any CPU.ActiveCfg = Debug|Any CPU
		{FD5A4DEE-6C3C-4BA1-8A8A-637332EB896C}.Debug|Any CPU.Build.0 = Debug|Any CPU
		{FD5A4DEE-6C3C-4BA1-8A8A-637332EB896C}.Release|Any CPU.ActiveCfg = Release|Any CPU
		{FD5A4DEE-6C3C-4BA1-8A8A-637332EB896C}.Release|Any CPU.Build.0 = Release|Any CPU
	EndGlobalSection
	GlobalSection(SolutionProperties) = preSolution
		HideSolutionNode = FALSE
	EndGlobalSection
	GlobalSection(ExtensibilityGlobals) = postSolution
		SolutionGuid = {9809E556-EC61-47B3-9506-F25BF494FE59}
	EndGlobalSection
EndGlobal
